{
  "lockfileVersion": 1,
  "kit": "vantrilex-core",
  "mcp_cap": 8,
  "components": [
    { "id": "find-skills", "kind": "skill", "source": "vercel-labs/skills", "install_cmd": "npx skills add vercel-labs/skills --skill find-skills -a opencode -y", "version_pin": null, "phase": "on-demand", "tier": "core", "verification": "verified" },
    { "id": "ask-matt", "kind": "skill", "source": "mattpocock/skills", "install_cmd": "npx skills add mattpocock/skills --skill ask-matt -a opencode -y", "version_pin": null, "phase": "plan", "tier": "core", "verification": "verified" },
    { "id": "skill-creator", "kind": "skill", "source": "anthropics/skills", "install_cmd": "npx skills add anthropics/skills --skill skill-creator -a opencode -y", "version_pin": null, "phase": "on-demand", "tier": "core", "verification": "verified" },
    { "id": "grill-me", "kind": "skill", "source": "mattpocock/skills", "install_cmd": "npx skills add mattpocock/skills --skill grill-me -a opencode -y", "version_pin": null, "phase": "docs", "tier": "core", "verification": "verified" },
    { "id": "wayfinder", "kind": "skill", "source": "mattpocock/skills", "install_cmd": "npx skills add mattpocock/skills --skill wayfinder -a opencode -y", "version_pin": null, "phase": "plan", "tier": "core", "verification": "verified" },
    { "id": "tdd", "kind": "skill", "source": "mattpocock/skills", "install_cmd": "npx skills add mattpocock/skills --skill tdd -a opencode -y", "version_pin": null, "phase": "build", "tier": "core", "verification": "verified" },
    { "id": "code-review", "kind": "skill", "source": "mattpocock/skills", "install_cmd": "npx skills add mattpocock/skills --skill code-review -a opencode -y", "version_pin": null, "phase": "review", "tier": "core", "verification": "verified" },
    { "id": "ponytail", "kind": "skill", "source": "dietrichgebert/ponytail", "install_cmd": "npx skills add dietrichgebert/ponytail --skill ponytail -a opencode -y", "version_pin": null, "phase": "build", "tier": "core", "verification": "verified" },
    { "id": "ponytail-review", "kind": "skill", "source": "dietrichgebert/ponytail", "install_cmd": "npx skills add dietrichgebert/ponytail --skill ponytail-review -a opencode -y", "version_pin": null, "phase": "review", "tier": "core", "verification": "verified" },
    { "id": "ponytail-audit", "kind": "skill", "source": "dietrichgebert/ponytail", "install_cmd": "npx skills add dietrichgebert/ponytail --skill ponytail-audit -a opencode -y", "version_pin": null, "phase": "operate", "tier": "core", "verification": "verified" },
    { "id": "filesystem", "kind": "mcp", "source": null, "install_cmd": null, "version_pin": null, "phase": "operate", "tier": "core", "verification": "unverified" },
    { "id": "fetch", "kind": "mcp", "source": null, "install_cmd": null, "version_pin": null, "phase": "scout", "tier": "core", "verification": "unverified" },
    { "id": "memory", "kind": "mcp", "source": null, "install_cmd": null, "version_pin": null, "phase": "operate", "tier": "core", "verification": "unverified" },
    { "id": "sequential-thinking", "kind": "mcp", "source": null, "install_cmd": null, "version_pin": null, "phase": "plan", "tier": "core", "verification": "unverified" },
    { "id": "github", "kind": "mcp", "source": null, "install_cmd": null, "version_pin": null, "phase": "review", "tier": "core", "verification": "unverified" },
    { "id": "context7", "kind": "mcp", "source": "upstash/context7", "install_cmd": "npx -y @upstash/context7-mcp", "version_pin": "4.1.1", "phase": "scout", "tier": "core", "verification": "verified" },
    { "id": "firecrawl", "kind": "mcp", "source": "firecrawl/firecrawl-mcp", "install_cmd": "npx -y firecrawl-mcp", "version_pin": "3.27.3", "phase": "scout", "tier": "core", "verification": "verified" },
    { "id": "openrouter", "kind": "mcp", "source": null, "install_cmd": null, "version_pin": null, "phase": "build", "tier": "core", "verification": "unverified" },
    { "id": "code-review", "kind": "plugin", "source": null, "install_cmd": null, "version_pin": null, "phase": "review", "tier": "core", "verification": "unverified" },
    { "id": "commit-commands", "kind": "plugin", "source": null, "install_cmd": null, "version_pin": null, "phase": "operate", "tier": "core", "verification": "unverified" },
    { "id": "typescript-lsp", "kind": "plugin", "source": null, "install_cmd": null, "version_pin": null, "phase": "build", "tier": "core", "verification": "unverified" },
    { "id": "context7", "kind": "plugin", "source": null, "install_cmd": null, "version_pin": null, "phase": "scout", "tier": "core", "verification": "unverified" },
    { "id": "feature-dev", "kind": "plugin", "source": null, "install_cmd": null, "version_pin": null, "phase": "build", "tier": "core", "verification": "unverified" },
    { "id": "security-guidance", "kind": "plugin", "source": null, "install_cmd": null, "version_pin": null, "phase": "review", "tier": "core", "verification": "unverified" },
    { "id": "session-start", "kind": "hook", "source": null, "install_cmd": null, "version_pin": null, "phase": "scout", "tier": "core", "verification": "unverified" },
    { "id": "pre-compact", "kind": "hook", "source": null, "install_cmd": null, "version_pin": null, "phase": "operate", "tier": "core", "verification": "unverified" },
    { "id": "persist-session-state-on-end", "kind": "hook", "source": null, "install_cmd": null, "version_pin": null, "phase": "operate", "tier": "core", "verification": "unverified" },
    { "id": "long-running-process-guard", "kind": "hook", "source": null, "install_cmd": null, "version_pin": null, "phase": "build", "tier": "core", "verification": "unverified" },
    { "id": "typescript-check-after-editing-ts-tsx-files", "kind": "hook", "source": null, "install_cmd": null, "version_pin": null, "phase": "build", "tier": "conditional", "verification": "unverified" },
    { "id": "auto-format-js-ts-files-with-prettier-after-edits", "kind": "hook", "source": null, "install_cmd": null, "version_pin": null, "phase": "build", "tier": "conditional", "verification": "unverified" },
    { "id": "task-dispatcher", "kind": "hook", "source": null, "install_cmd": null, "version_pin": null, "phase": "scout", "tier": "core", "verification": "unverified" },
    { "id": "architect", "kind": "agent", "source": null, "install_cmd": null, "version_pin": null, "phase": "plan", "tier": "core", "verification": "unverified" },
    { "id": "code-reviewer", "kind": "agent", "source": null, "install_cmd": null, "version_pin": null, "phase": "review", "tier": "core", "verification": "unverified" },
    { "id": "ai-generated-code-security-auditor", "kind": "agent", "source": null, "install_cmd": null, "version_pin": null, "phase": "review", "tier": "core", "verification": "unverified" },
    { "id": "technical-writer", "kind": "agent", "source": null, "install_cmd": null, "version_pin": null, "phase": "docs", "tier": "core", "verification": "unverified" },
    { "id": "vantrilex-vanguard", "kind": "skill", "source": "3mar-baha/vantrilex-arsenal", "install_cmd": null, "version_pin": null, "phase": "scout", "tier": "core", "verification": "unverified" },
    { "id": "vantrilex-doctrine", "kind": "skill", "source": "3mar-baha/vantrilex-arsenal", "install_cmd": null, "version_pin": null, "phase": "operate", "tier": "core", "verification": "unverified" },
    { "id": "vantrilex-prime", "kind": "skill", "source": "3mar-baha/vantrilex-arsenal", "install_cmd": null, "version_pin": null, "phase": "scout", "tier": "core", "verification": "unverified" },
    { "id": "lenis", "kind": "skill", "source": "3mar-baha/vantrilex-arsenal", "install_cmd": null, "version_pin": null, "phase": "build", "tier": "conditional", "verification": "unverified" },
    { "id": "og-image", "kind": "skill", "source": "3mar-baha/vantrilex-arsenal", "install_cmd": null, "version_pin": null, "phase": "build", "tier": "conditional", "verification": "unverified" },
    { "id": "open-graph-image", "kind": "skill", "source": "3mar-baha/vantrilex-arsenal", "install_cmd": null, "version_pin": null, "phase": "build", "tier": "conditional", "verification": "unverified" },
    { "id": "time-capsule-test", "kind": "skill", "source": "3mar-baha/vantrilex-arsenal", "install_cmd": null, "version_pin": null, "phase": "build", "tier": "conditional", "verification": "unverified" },
    { "id": "kit-evaluation-journal", "kind": "skill", "source": "3mar-baha/vantrilex-arsenal", "install_cmd": null, "version_pin": null, "phase": "operate", "tier": "conditional", "verification": "unverified" },
    { "id": "red-team", "kind": "skill", "source": "3mar-baha/vantrilex-arsenal", "install_cmd": null, "version_pin": null, "phase": "review", "tier": "conditional", "verification": "unverified" },
    { "id": "skill-shadow", "kind": "skill", "source": "3mar-baha/vantrilex-arsenal", "install_cmd": null, "version_pin": null, "phase": "review", "tier": "conditional", "verification": "unverified" },
    { "id": "documentation-as-tests", "kind": "skill", "source": "3mar-baha/vantrilex-arsenal", "install_cmd": null, "version_pin": null, "phase": "docs", "tier": "conditional", "verification": "unverified" },
    { "id": "kit-evolution-log", "kind": "skill", "source": "3mar-baha/vantrilex-arsenal", "install_cmd": null, "version_pin": null, "phase": "operate", "tier": "conditional", "verification": "unverified" },
    { "id": "kill-switch-document", "kind": "skill", "source": "3mar-baha/vantrilex-arsenal", "install_cmd": null, "version_pin": null, "phase": "operate", "tier": "conditional", "verification": "unverified" },
    { "id": "babel-bridge", "kind": "skill", "source": "3mar-baha/vantrilex-arsenal", "install_cmd": null, "version_pin": null, "phase": "plan", "tier": "conditional", "verification": "unverified" },
    { "id": "vantrilex-design-variations", "kind": "skill", "source": "3mar-baha/vantrilex-arsenal", "install_cmd": null, "version_pin": null, "phase": "build", "tier": "conditional", "verification": "unverified" },
    { "id": "red-team", "kind": "agent", "source": "3mar-baha/vantrilex-arsenal", "install_cmd": null, "version_pin": null, "phase": "review", "tier": "conditional", "verification": "unverified" },
    { "id": "a11y-audit", "kind": "agent", "source": "rksekar5/a11y-audit", "install_cmd": null, "version_pin": null, "phase": "review", "tier": "conditional", "verification": "unverified" }
  ],
  "pending": []
}
